{
  "name": "shape-skia",
  "version": "1.0.0",
  "lockfileVersion": 1,
  "requires": true,
  "dependencies": {
    "canvaskit-wasm": {
      "version": "0.21.0",
      "resolved": "https://registry.npmjs.org/canvaskit-wasm/-/canvaskit-wasm-0.21.0.tgz",
      "integrity": "sha512-KXLY3z1Nj1hKue+r1rNycqwnqmOpRNGf+slClJ/T8wE/Zb3zb/RZj729A7hKvKctOO573PyBX7me1Slxz/EtNw=="
    }
  }
}
